
Microsoft Visual Studio Solution File, Format Version 12.00
# Visual Studio Version 16
VisualStudioVersion = 16.0.31702.278
MinimumVisualStudioVersion = 10.0.40219.1
Project("{888888A0-9F3D-457C-B088-3A5042F75D52}") = "DogAndSheepBoyd", "DogAndSheepBoyd\DogAndSheepBoyd.pyproj", "{A7E63148-416A-4104-BDE6-535970EC9423}"
EndProject
Global
	GlobalSection(SolutionConfigurationPlatforms) = preSolution
		Debug|Any CPU = Debug|Any CPU
		Release|Any CPU = Release|Any CPU
	EndGlobalSection
	GlobalSection(ProjectConfigurationPlatforms) = postSolution
		{A7E63148-416A-4104-BDE6-535970EC9423}.Debug|Any CPU.ActiveCfg = Debug|Any CPU
		{A7E63148-416A-4104-BDE6-535970EC9423}.Release|Any CPU.ActiveCfg = Release|Any CPU
	EndGlobalSection
	GlobalSection(SolutionProperties) = preSolution
		HideSolutionNode = FALSE
	EndGlobalSection
	GlobalSection(ExtensibilityGlobals) = postSolution
		SolutionGuid = {328B0E16-0965-47B7-A24A-E2EF0FDE7187}
	EndGlobalSection
EndGlobal
